
Microsoft Visual Studio Solution File, Format Version 12.00
# Visual Studio 15
Project("{FAE04EC0-301F-11D3-BF4B-00C04F79EFBC}") = "Assembly-CSharp", "Assembly-CSharp.csproj", "{7FC00681-BEF8-DF92-E0BD-0CBD4A308ED7}"
EndProject
Project("{FAE04EC0-301F-11D3-BF4B-00C04F79EFBC}") = "Assembly-CSharp-firstpass", "Assembly-CSharp-firstpass.csproj", "{07FA373B-6440-DF63-552B-F02D5C5242F1}"
EndProject
Project("{FAE04EC0-301F-11D3-BF4B-00C04F79EFBC}") = "Assembly-CSharp-Editor-firstpass", "Assembly-CSharp-Editor-firstpass.csproj", "{B9B94BC2-DD91-8939-46ED-BCCF4C959107}"
EndProject
Global
	GlobalSection(SolutionConfigurationPlatforms) = preSolution
		Debug|Any CPU = Debug|Any CPU
		Release|Any CPU = Release|Any CPU
	EndGlobalSection
	GlobalSection(ProjectConfigurationPlatforms) = postSolution
		{7FC00681-BEF8-DF92-E0BD-0CBD4A308ED7}.Debug|Any CPU.ActiveCfg = Debug|Any CPU
		{7FC00681-BEF8-DF92-E0BD-0CBD4A308ED7}.Debug|Any CPU.Build.0 = Debug|Any CPU
		{7FC00681-BEF8-DF92-E0BD-0CBD4A308ED7}.Release|Any CPU.ActiveCfg = Release|Any CPU
		{7FC00681-BEF8-DF92-E0BD-0CBD4A308ED7}.Release|Any CPU.Build.0 = Release|Any CPU
		{07FA373B-6440-DF63-552B-F02D5C5242F1}.Debug|Any CPU.ActiveCfg = Debug|Any CPU
		{07FA373B-6440-DF63-552B-F02D5C5242F1}.Debug|Any CPU.Build.0 = Debug|Any CPU
		{07FA373B-6440-DF63-552B-F02D5C5242F1}.Release|Any CPU.ActiveCfg = Release|Any CPU
		{07FA373B-6440-DF63-552B-F02D5C5242F1}.Release|Any CPU.Build.0 = Release|Any CPU
		{B9B94BC2-DD91-8939-46ED-BCCF4C959107}.Debug|Any CPU.ActiveCfg = Debug|Any CPU
		{B9B94BC2-DD91-8939-46ED-BCCF4C959107}.Debug|Any CPU.Build.0 = Debug|Any CPU
		{B9B94BC2-DD91-8939-46ED-BCCF4C959107}.Release|Any CPU.ActiveCfg = Release|Any CPU
		{B9B94BC2-DD91-8939-46ED-BCCF4C959107}.Release|Any CPU.Build.0 = Release|Any CPU
	EndGlobalSection
	GlobalSection(SolutionProperties) = preSolution
		HideSolutionNode = FALSE
	EndGlobalSection
EndGlobal
